
Microsoft Visual Studio Solution File, Format Version 12.00
# Visual Studio Version 17
VisualStudioVersion = 17.8.34525.116
MinimumVisualStudioVersion = 10.0.40219.1
Project("{FAE04EC0-301F-11D3-BF4B-00C04F79EFBC}") = "System zarzadzania przesylkami miedzynarodowymi", "System zarzadzania przesylkami miedzynarodowymi.csproj", "{8CCA5988-CF75-48C6-8068-C3B2D13B1B4B}"
EndProject
Global
	GlobalSection(SolutionConfigurationPlatforms) = preSolution
		Debug|Any CPU = Debug|Any CPU
		Release|Any CPU = Release|Any CPU
	EndGlobalSection
	GlobalSection(ProjectConfigurationPlatforms) = postSolution
		{8CCA5988-CF75-48C6-8068-C3B2D13B1B4B}.Debug|Any CPU.ActiveCfg = Debug|Any CPU
		{8CCA5988-CF75-48C6-8068-C3B2D13B1B4B}.Debug|Any CPU.Build.0 = Debug|Any CPU
		{8CCA5988-CF75-48C6-8068-C3B2D13B1B4B}.Release|Any CPU.ActiveCfg = Release|Any CPU
		{8CCA5988-CF75-48C6-8068-C3B2D13B1B4B}.Release|Any CPU.Build.0 = Release|Any CPU
	EndGlobalSection
	GlobalSection(SolutionProperties) = preSolution
		HideSolutionNode = FALSE
	EndGlobalSection
	GlobalSection(ExtensibilityGlobals) = postSolution
		SolutionGuid = {0646CFEE-FA3D-4156-B821-28956A5C8A10}
	EndGlobalSection
EndGlobal
